
Microsoft Visual Studio Solution File, Format Version 12.00
# Visual Studio Version 16
VisualStudioVersion = 16.0.32510.428
MinimumVisualStudioVersion = 10.0.40219.1
Project("{FAE04EC0-301F-11D3-BF4B-00C04F79EFBC}") = "Method", "Method\Method.csproj", "{CFF04C3B-441B-4991-B4FE-24302450993D}"
EndProject
Global
	GlobalSection(SolutionConfigurationPlatforms) = preSolution
		Debug|Any CPU = Debug|Any CPU
		Release|Any CPU = Release|Any CPU
	EndGlobalSection
	GlobalSection(ProjectConfigurationPlatforms) = postSolution
		{CFF04C3B-441B-4991-B4FE-24302450993D}.Debug|Any CPU.ActiveCfg = Debug|Any CPU
		{CFF04C3B-441B-4991-B4FE-24302450993D}.Debug|Any CPU.Build.0 = Debug|Any CPU
		{CFF04C3B-441B-4991-B4FE-24302450993D}.Release|Any CPU.ActiveCfg = Release|Any CPU
		{CFF04C3B-441B-4991-B4FE-24302450993D}.Release|Any CPU.Build.0 = Release|Any CPU
	EndGlobalSection
	GlobalSection(SolutionProperties) = preSolution
		HideSolutionNode = FALSE
	EndGlobalSection
	GlobalSection(ExtensibilityGlobals) = postSolution
		SolutionGuid = {61C2F913-5338-4DB9-996C-D01AFF5B8004}
	EndGlobalSection
EndGlobal
